
Microsoft Visual Studio Solution File, Format Version 12.00
# Visual Studio Version 17
VisualStudioVersion = 17.4.33403.182
MinimumVisualStudioVersion = 10.0.40219.1
Project("{9A19103F-16F7-4668-BE54-9A1E7A4F7556}") = "Tests", "Tests\Tests.csproj", "{38A461B0-3874-4F8A-87FF-9B1229853556}"
EndProject
Project("{9A19103F-16F7-4668-BE54-9A1E7A4F7556}") = "Shared", "Shared\Shared.csproj", "{7FB8AB8B-C84D-425F-B2B1-B7BFD908170A}"
EndProject
Project("{9A19103F-16F7-4668-BE54-9A1E7A4F7556}") = "UI", "UI\UI.csproj", "{D782CA3D-E9B3-4491-8A2E-81A8C4B19AF6}"
EndProject
Global
	GlobalSection(SolutionConfigurationPlatforms) = preSolution
		Debug|Any CPU = Debug|Any CPU
		Release|Any CPU = Release|Any CPU
	EndGlobalSection
	GlobalSection(ProjectConfigurationPlatforms) = postSolution
		{38A461B0-3874-4F8A-87FF-9B1229853556}.Debug|Any CPU.ActiveCfg = Debug|Any CPU
		{38A461B0-3874-4F8A-87FF-9B1229853556}.Debug|Any CPU.Build.0 = Debug|Any CPU
		{38A461B0-3874-4F8A-87FF-9B1229853556}.Release|Any CPU.ActiveCfg = Release|Any CPU
		{38A461B0-3874-4F8A-87FF-9B1229853556}.Release|Any CPU.Build.0 = Release|Any CPU
		{7FB8AB8B-C84D-425F-B2B1-B7BFD908170A}.Debug|Any CPU.ActiveCfg = Debug|Any CPU
		{7FB8AB8B-C84D-425F-B2B1-B7BFD908170A}.Debug|Any CPU.Build.0 = Debug|Any CPU
		{7FB8AB8B-C84D-425F-B2B1-B7BFD908170A}.Release|Any CPU.ActiveCfg = Release|Any CPU
		{7FB8AB8B-C84D-425F-B2B1-B7BFD908170A}.Release|Any CPU.Build.0 = Release|Any CPU
		{D782CA3D-E9B3-4491-8A2E-81A8C4B19AF6}.Debug|Any CPU.ActiveCfg = Debug|Any CPU
		{D782CA3D-E9B3-4491-8A2E-81A8C4B19AF6}.Debug|Any CPU.Build.0 = Debug|Any CPU
		{D782CA3D-E9B3-4491-8A2E-81A8C4B19AF6}.Release|Any CPU.ActiveCfg = Release|Any CPU
		{D782CA3D-E9B3-4491-8A2E-81A8C4B19AF6}.Release|Any CPU.Build.0 = Release|Any CPU
	EndGlobalSection
	GlobalSection(SolutionProperties) = preSolution
		HideSolutionNode = FALSE
	EndGlobalSection
	GlobalSection(ExtensibilityGlobals) = postSolution
		SolutionGuid = {B4DB3CAF-4ABE-4CD3-B750-488B7DAD3AEB}
	EndGlobalSection
EndGlobal
